// !$*UTF8*$!
{
	archiveVersion = 1;
	classes = {
	};
	objectVersion = 56;
	objects = {

/* Begin PBXBuildFile section */
		B1292E9A29B701AE00F1D917 /* ChatView.swift in Sources */ = {isa = PBXBuildFile; fileRef = B1292E9929B701AE00F1D917 /* ChatView.swift */; };
		B1292E9D29B7028600F1D917 /* ChatHandler.swift in Sources */ = {isa = PBXBuildFile; fileRef = B1292E9C29B7028600F1D917 /* ChatHandler.swift */; };
		B148EBBF29BDAC25008D7AEF /* .gitignore in Resources */ = {isa = PBXBuildFile; fileRef = B148EBBE29BDAC25008D7AEF /* .gitignore */; };
		B16AF91B29BC5D2100DCB0E3 /* ConvoView.swift in Sources */ = {isa = PBXBuildFile; fileRef = B16AF91A29BC5D2100DCB0E3 /* ConvoView.swift */; };
		B18B434429B47E6300056D01 /* GPTCaseApp.swift in Sources */ = {isa = PBXBuildFile; fileRef = B18B434329B47E6300056D01 /* GPTCaseApp.swift */; };
		B18B434629B47E6300056D01 /* Persistence.swift in Sources */ = {isa = PBXBuildFile; fileRef = B18B434529B47E6300056D01 /* Persistence.swift */; };
		B18B434929B47E6300056D01 /* GPTCase.xcdatamodeld in Sources */ = {isa = PBXBuildFile; fileRef = B18B434729B47E6300056D01 /* GPTCase.xcdatamodeld */; };
		B18B434B29B47E6300056D01 /* ContentView.swift in Sources */ = {isa = PBXBuildFile; fileRef = B18B434A29B47E6300056D01 /* ContentView.swift */; };
		B18B434D29B47E6400056D01 /* Assets.xcassets in Resources */ = {isa = PBXBuildFile; fileRef = B18B434C29B47E6400056D01 /* Assets.xcassets */; };
		B18B435129B47E6400056D01 /* Preview Assets.xcassets in Resources */ = {isa = PBXBuildFile; fileRef = B18B435029B47E6400056D01 /* Preview Assets.xcassets */; };
		B18B435929B485AF00056D01 /* Models.swift in Sources */ = {isa = PBXBuildFile; fileRef = B18B435829B485AF00056D01 /* Models.swift */; };
		B18B435C29B4869300056D01 /* Network.swift in Sources */ = {isa = PBXBuildFile; fileRef = B18B435B29B4869300056D01 /* Network.swift */; };
/* End PBXBuildFile section */

/* Begin PBXFileReference section */
		B1292E9929B701AE00F1D917 /* ChatView.swift */ = {isa = PBXFileReference; lastKnownFileType = sourcecode.swift; path = ChatView.swift; sourceTree = "<group>"; };
		B1292E9C29B7028600F1D917 /* ChatHandler.swift */ = {isa = PBXFileReference; lastKnownFileType = sourcecode.swift; path = ChatHandler.swift; sourceTree = "<group>"; };
		B148EBBE29BDAC25008D7AEF /* .gitignore */ = {isa = PBXFileReference; lastKnownFileType = text; path = .gitignore; sourceTree = "<group>"; };
		B148EBC029BDACB2008D7AEF /* Info.plist */ = {isa = PBXFileReference; lastKnownFileType = text.plist; path = Info.plist; sourceTree = "<group>"; };
		B16AF91A29BC5D2100DCB0E3 /* ConvoView.swift */ = {isa = PBXFileReference; lastKnownFileType = sourcecode.swift; path = ConvoView.swift; sourceTree = "<group>"; };
		B18B434029B47E6300056D01 /* GPTCase.app */ = {isa = PBXFileReference; explicitFileType = wrapper.application; includeInIndex = 0; path = GPTCase.app; sourceTree = BUILT_PRODUCTS_DIR; };
		B18B434329B47E6300056D01 /* GPTCaseApp.swift */ = {isa = PBXFileReference; lastKnownFileType = sourcecode.swift; path = GPTCaseApp.swift; sourceTree = "<group>"; };
		B18B434529B47E6300056D01 /* Persistence.swift */ = {isa = PBXFileReference; lastKnownFileType = sourcecode.swift; path = Persistence.swift; sourceTree = "<group>"; };
		B18B434829B47E6300056D01 /* GPTCase.xcdatamodel */ = {isa = PBXFileReference; lastKnownFileType = wrapper.xcdatamodel; path = GPTCase.xcdatamodel; sourceTree = "<group>"; };
		B18B434A29B47E6300056D01 /* ContentView.swift */ = {isa = PBXFileReference; lastKnownFileType = sourcecode.swift; path = ContentView.swift; sourceTree = "<group>"; };
		B18B434C29B47E6400056D01 /* Assets.xcassets */ = {isa = PBXFileReference; lastKnownFileType = folder.assetcatalog; path = Assets.xcassets; sourceTree = "<group>"; };
		B18B434E29B47E6400056D01 /* GPTCase.entitlements */ = {isa = PBXFileReference; lastKnownFileType = text.plist.entitlements; path = GPTCase.entitlements; sourceTree = "<group>"; };
		B18B435029B47E6400056D01 /* Preview Assets.xcassets */ = {isa = PBXFileReference; lastKnownFileType = folder.assetcatalog; path = "Preview Assets.xcassets"; sourceTree = "<group>"; };
		B18B435829B485AF00056D01 /* Models.swift */ = {isa = PBXFileReference; lastKnownFileType = sourcecode.swift; path = Models.swift; sourceTree = "<group>"; };
		B18B435B29B4869300056D01 /* Network.swift */ = {isa = PBXFileReference; lastKnownFileType = sourcecode.swift; path = Network.swift; sourceTree = "<group>"; };
/* End PBXFileReference section */

/* Begin PBXFrameworksBuildPhase section */
		B18B433D29B47E6300056D01 /* Frameworks */ = {
			isa = PBXFrameworksBuildPhase;
			buildActionMask = 2147483647;
			files = (
			);
			runOnlyForDeploymentPostprocessing = 0;
		};
/* End PBXFrameworksBuildPhase section */

/* Begin PBXGroup section */
		B1292E9829B701A100F1D917 /* Views */ = {
			isa = PBXGroup;
			children = (
				B1292E9929B701AE00F1D917 /* ChatView.swift */,
				B16AF91A29BC5D2100DCB0E3 /* ConvoView.swift */,
			);
			path = Views;
			sourceTree = "<group>";
		};
		B1292E9B29B7027600F1D917 /* CoreData */ = {
			isa = PBXGroup;
			children = (
				B1292E9C29B7028600F1D917 /* ChatHandler.swift */,
			);
			path = CoreData;
			sourceTree = "<group>";
		};
		B18B433729B47E6300056D01 = {
			isa = PBXGroup;
			children = (
				B18B434229B47E6300056D01 /* GPTCase */,
				B18B434129B47E6300056D01 /* Products */,
			);
			sourceTree = "<group>";
		};
		B18B434129B47E6300056D01 /* Products */ = {
			isa = PBXGroup;
			children = (
				B18B434029B47E6300056D01 /* GPTCase.app */,
			);
			name = Products;
			sourceTree = "<group>";
		};
		B18B434229B47E6300056D01 /* GPTCase */ = {
			isa = PBXGroup;
			children = (
				B148EBC029BDACB2008D7AEF /* Info.plist */,
				B1292E9B29B7027600F1D917 /* CoreData */,
				B1292E9829B701A100F1D917 /* Views */,
				B18B435A29B4868300056D01 /* Network */,
				B18B435729B485A000056D01 /* Models */,
				B18B434329B47E6300056D01 /* GPTCaseApp.swift */,
				B18B434529B47E6300056D01 /* Persistence.swift */,
				B18B434A29B47E6300056D01 /* ContentView.swift */,
				B18B434C29B47E6400056D01 /* Assets.xcassets */,
				B18B434E29B47E6400056D01 /* GPTCase.entitlements */,
				B18B434729B47E6300056D01 /* GPTCase.xcdatamodeld */,
				B18B434F29B47E6400056D01 /* Preview Content */,
				B148EBBE29BDAC25008D7AEF /* .gitignore */,
			);
			path = GPTCase;
			sourceTree = "<group>";
		};
		B18B434F29B47E6400056D01 /* Preview Content */ = {
			isa = PBXGroup;
			children = (
				B18B435029B47E6400056D01 /* Preview Assets.xcassets */,
			);
			path = "Preview Content";
			sourceTree = "<group>";
		};
		B18B435729B485A000056D01 /* Models */ = {
			isa = PBXGroup;
			children = (
				B18B435829B485AF00056D01 /* Models.swift */,
			);
			path = Models;
			sourceTree = "<group>";
		};
		B18B435A29B4868300056D01 /* Network */ = {
			isa = PBXGroup;
			children = (
				B18B435B29B4869300056D01 /* Network.swift */,
			);
			path = Network;
			sourceTree = "<group>";
		};
/* End PBXGroup section */

/* Begin PBXNativeTarget section */
		B18B433F29B47E6300056D01 /* GPTCase */ = {
			isa = PBXNativeTarget;
			buildConfigurationList = B18B435429B47E6400056D01 /* Build configuration list for PBXNativeTarget "GPTCase" */;
			buildPhases = (
				B18B433C29B47E6300056D01 /* Sources */,
				B18B433D29B47E6300056D01 /* Frameworks */,
				B18B433E29B47E6300056D01 /* Resources */,
			);
			buildRules = (
			);
			dependencies = (
			);
			name = GPTCase;
			productName = GPTCase;
			productReference = B18B434029B47E6300056D01 /* GPTCase.app */;
			productType = "com.apple.product-type.application";
		};
/* End PBXNativeTarget section */

/* Begin PBXProject section */
		B18B433829B47E6300056D01 /* Project object */ = {
			isa = PBXProject;
			attributes = {
				BuildIndependentTargetsInParallel = 1;
				LastSwiftUpdateCheck = 1420;
				LastUpgradeCheck = 1420;
				TargetAttributes = {
					B18B433F29B47E6300056D01 = {
						CreatedOnToolsVersion = 14.2;
					};
				};
			};
			buildConfigurationList = B18B433B29B47E6300056D01 /* Build configuration list for PBXProject "GPTCase" */;
			compatibilityVersion = "Xcode 14.0";
			developmentRegion = en;
			hasScannedForEncodings = 0;
			knownRegions = (
				en,
				Base,
			);
			mainGroup = B18B433729B47E6300056D01;
			productRefGroup = B18B434129B47E6300056D01 /* Products */;
			projectDirPath = "";
			projectRoot = "";
			targets = (
				B18B433F29B47E6300056D01 /* GPTCase */,
			);
		};
/* End PBXProject section */

/* Begin PBXResourcesBuildPhase section */
		B18B433E29B47E6300056D01 /* Resources */ = {
			isa = PBXResourcesBuildPhase;
			buildActionMask = 2147483647;
			files = (
				B18B435129B47E6400056D01 /* Preview Assets.xcassets in Resources */,
				B148EBBF29BDAC25008D7AEF /* .gitignore in Resources */,
				B18B434D29B47E6400056D01 /* Assets.xcassets in Resources */,
			);
			runOnlyForDeploymentPostprocessing = 0;
		};
/* End PBXResourcesBuildPhase section */

/* Begin PBXSourcesBuildPhase section */
		B18B433C29B47E6300056D01 /* Sources */ = {
			isa = PBXSourcesBuildPhase;
			buildActionMask = 2147483647;
			files = (
				B18B434929B47E6300056D01 /* GPTCase.xcdatamodeld in Sources */,
				B18B434429B47E6300056D01 /* GPTCaseApp.swift in Sources */,
				B1292E9D29B7028600F1D917 /* ChatHandler.swift in Sources */,
				B16AF91B29BC5D2100DCB0E3 /* ConvoView.swift in Sources */,
				B18B435C29B4869300056D01 /* Network.swift in Sources */,
				B18B434B29B47E6300056D01 /* ContentView.swift in Sources */,
				B1292E9A29B701AE00F1D917 /* ChatView.swift in Sources */,
				B18B434629B47E6300056D01 /* Persistence.swift in Sources */,
				B18B435929B485AF00056D01 /* Models.swift in Sources */,
			);
			runOnlyForDeploymentPostprocessing = 0;
		};
/* End PBXSourcesBuildPhase section */

/* Begin XCBuildConfiguration section */
		B18B435229B47E6400056D01 /* Debug */ = {
			isa = XCBuildConfiguration;
			buildSettings = {
				ALWAYS_SEARCH_USER_PATHS = NO;
				CLANG_ANALYZER_NONNULL = YES;
				CLANG_ANALYZER_NUMBER_OBJECT_CONVERSION = YES_AGGRESSIVE;
				CLANG_CXX_LANGUAGE_STANDARD = "gnu++20";
				CLANG_ENABLE_MODULES = YES;
				CLANG_ENABLE_OBJC_ARC = YES;
				CLANG_ENABLE_OBJC_WEAK = YES;
				CLANG_WARN_BLOCK_CAPTURE_AUTORELEASING = YES;
				CLANG_WARN_BOOL_CONVERSION = YES;
				CLANG_WARN_COMMA = YES;
				CLANG_WARN_CONSTANT_CONVERSION = YES;
				CLANG_WARN_DEPRECATED_OBJC_IMPLEMENTATIONS = YES;
				CLANG_WARN_DIRECT_OBJC_ISA_USAGE = YES_ERROR;
				CLANG_WARN_DOCUMENTATION_COMMENTS = YES;
				CLANG_WARN_EMPTY_BODY = YES;
				CLANG_WARN_ENUM_CONVERSION = YES;
				CLANG_WARN_INFINITE_RECURSION = YES;
				CLANG_WARN_INT_CONVERSION = YES;
				CLANG_WARN_NON_LITERAL_NULL_CONVERSION = YES;
				CLANG_WARN_OBJC_IMPLICIT_RETAIN_SELF = YES;
				CLANG_WARN_OBJC_LITERAL_CONVERSION = YES;
				CLANG_WARN_OBJC_ROOT_CLASS = YES_ERROR;
				CLANG_WARN_QUOTED_INCLUDE_IN_FRAMEWORK_HEADER = YES;
				CLANG_WARN_RANGE_LOOP_ANALYSIS = YES;
				CLANG_WARN_STRICT_PROTOTYPES = YES;
				CLANG_WARN_SUSPICIOUS_MOVE = YES;
				CLANG_WARN_UNGUARDED_AVAILABILITY = YES_AGGRESSIVE;
				CLANG_WARN_UNREACHABLE_CODE = YES;
				CLANG_WARN__DUPLICATE_METHOD_MATCH = YES;
				COPY_PHASE_STRIP = NO;
				DEBUG_INFORMATION_FORMAT = dwarf;
				ENABLE_STRICT_OBJC_MSGSEND = YES;
				ENABLE_TESTABILITY = YES;
				GCC_C_LANGUAGE_STANDARD = gnu11;
				GCC_DYNAMIC_NO_PIC = NO;
				GCC_NO_COMMON_BLOCKS = YES;
				GCC_OPTIMIZATION_LEVEL = 0;
				GCC_PREPROCESSOR_DEFINITIONS = (
					"DEBUG=1",
					"$(inherited)",
				);
				GCC_WARN_64_TO_32_BIT_CONVERSION = YES;
				GCC_WARN_ABOUT_RETURN_TYPE = YES_ERROR;
				GCC_WARN_UNDECLARED_SELECTOR = YES;
				GCC_WARN_UNINITIALIZED_AUTOS = YES_AGGRESSIVE;
				GCC_WARN_UNUSED_FUNCTION = YES;
				GCC_WARN_UNUSED_VARIABLE = YES;
				MTL_ENABLE_DEBUG_INFO = INCLUDE_SOURCE;
				MTL_FAST_MATH = YES;
				ONLY_ACTIVE_ARCH = YES;
				SWIFT_ACTIVE_COMPILATION_CONDITIONS = DEBUG;
				SWIFT_OPTIMIZATION_LEVEL = "-Onone";
			};
			name = Debug;
		};
		B18B435329B47E6400056D01 /* Release */ = {
			isa = XCBuildConfiguration;
			buildSettings = {
				ALWAYS_SEARCH_USER_PATHS = NO;
				CLANG_ANALYZER_NONNULL = YES;
				CLANG_ANALYZER_NUMBER_OBJECT_CONVERSION = YES_AGGRESSIVE;
				CLANG_CXX_LANGUAGE_STANDARD = "gnu++20";
				CLANG_ENABLE_MODULES = YES;
				CLANG_ENABLE_OBJC_ARC = YES;
				CLANG_ENABLE_OBJC_WEAK = YES;
				CLANG_WARN_BLOCK_CAPTURE_AUTORELEASING = YES;
				CLANG_WARN_BOOL_CONVERSION = YES;
				CLANG_WARN_COMMA = YES;
				CLANG_WARN_CONSTANT_CONVERSION = YES;
				CLANG_WARN_DEPRECATED_OBJC_IMPLEMENTATIONS = YES;
				CLANG_WARN_DIRECT_OBJC_ISA_USAGE = YES_ERROR;
				CLANG_WARN_DOCUMENTATION_COMMENTS = YES;
				CLANG_WARN_EMPTY_BODY = YES;
				CLANG_WARN_ENUM_CONVERSION = YES;
				CLANG_WARN_INFINITE_RECURSION = YES;
				CLANG_WARN_INT_CONVERSION = YES;
				CLANG_WARN_NON_LITERAL_NULL_CONVERSION = YES;
				CLANG_WARN_OBJC_IMPLICIT_RETAIN_SELF = YES;
				CLANG_WARN_OBJC_LITERAL_CONVERSION = YES;
				CLANG_WARN_OBJC_ROOT_CLASS = YES_ERROR;
				CLANG_WARN_QUOTED_INCLUDE_IN_FRAMEWORK_HEADER = YES;
				CLANG_WARN_RANGE_LOOP_ANALYSIS = YES;
				CLANG_WARN_STRICT_PROTOTYPES = YES;
				CLANG_WARN_SUSPICIOUS_MOVE = YES;
				CLANG_WARN_UNGUARDED_AVAILABILITY = YES_AGGRESSIVE;
				CLANG_WARN_UNREACHABLE_CODE = YES;
				CLANG_WARN__DUPLICATE_METHOD_MATCH = YES;
				COPY_PHASE_STRIP = NO;
				DEBUG_INFORMATION_FORMAT = "dwarf-with-dsym";
				ENABLE_NS_ASSERTIONS = NO;
				ENABLE_STRICT_OBJC_MSGSEND = YES;
				GCC_C_LANGUAGE_STANDARD = gnu11;
				GCC_NO_COMMON_BLOCKS = YES;
				GCC_WARN_64_TO_32_BIT_CONVERSION = YES;
				GCC_WARN_ABOUT_RETURN_TYPE = YES_ERROR;
				GCC_WARN_UNDECLARED_SELECTOR = YES;
				GCC_WARN_UNINITIALIZED_AUTOS = YES_AGGRESSIVE;
				GCC_WARN_UNUSED_FUNCTION = YES;
				GCC_WARN_UNUSED_VARIABLE = YES;
				MTL_ENABLE_DEBUG_INFO = NO;
				MTL_FAST_MATH = YES;
				SWIFT_COMPILATION_MODE = wholemodule;
				SWIFT_OPTIMIZATION_LEVEL = "-O";
			};
			name = Release;
		};
		B18B435529B47E6400056D01 /* Debug */ = {
			isa = XCBuildConfiguration;
			buildSettings = {
				ASSETCATALOG_COMPILER_APPICON_NAME = AppIcon;
				ASSETCATALOG_COMPILER_GLOBAL_ACCENT_COLOR_NAME = AccentColor;
				CODE_SIGN_ENTITLEMENTS = GPTCase/GPTCase.entitlements;
				CODE_SIGN_STYLE = Automatic;
				CURRENT_PROJECT_VERSION = 1;
				DEVELOPMENT_ASSET_PATHS = "\"GPTCase/Preview Content\"";
				DEVELOPMENT_TEAM = 23LBXQWLYP;
				ENABLE_HARDENED_RUNTIME = YES;
				ENABLE_PREVIEWS = YES;
				GENERATE_INFOPLIST_FILE = YES;
				INFOPLIST_FILE = GPTCase/Info.plist;
				"INFOPLIST_KEY_UIApplicationSceneManifest_Generation[sdk=iphoneos*]" = YES;
				"INFOPLIST_KEY_UIApplicationSceneManifest_Generation[sdk=iphonesimulator*]" = YES;
				"INFOPLIST_KEY_UIApplicationSupportsIndirectInputEvents[sdk=iphoneos*]" = YES;
				"INFOPLIST_KEY_UIApplicationSupportsIndirectInputEvents[sdk=iphonesimulator*]" = YES;
				"INFOPLIST_KEY_UILaunchScreen_Generation[sdk=iphoneos*]" = YES;
				"INFOPLIST_KEY_UILaunchScreen_Generation[sdk=iphonesimulator*]" = YES;
				"INFOPLIST_KEY_UIStatusBarStyle[sdk=iphoneos*]" = UIStatusBarStyleDefault;
				"INFOPLIST_KEY_UIStatusBarStyle[sdk=iphonesimulator*]" = UIStatusBarStyleDefault;
				INFOPLIST_KEY_UISupportedInterfaceOrientations_iPad = "UIInterfaceOrientationPortrait UIInterfaceOrientationPortraitUpsideDown UIInterfaceOrientationLandscapeLeft UIInterfaceOrientationLandscapeRight";
				INFOPLIST_KEY_UISupportedInterfaceOrientations_iPhone = "UIInterfaceOrientationPortrait UIInterfaceOrientationLandscapeLeft UIInterfaceOrientationLandscapeRight";
				IPHONEOS_DEPLOYMENT_TARGET = 16.2;
				LD_RUNPATH_SEARCH_PATHS = "@executable_path/Frameworks";
				"LD_RUNPATH_SEARCH_PATHS[sdk=macosx*]" = "@executable_path/../Frameworks";
				MACOSX_DEPLOYMENT_TARGET = 13.1;
				MARKETING_VERSION = 1.0;
				PRODUCT_BUNDLE_IDENTIFIER = com.maheshsai252.GPTCase;
				PRODUCT_NAME = "$(TARGET_NAME)";
				SDKROOT = auto;
				SUPPORTED_PLATFORMS = "iphoneos iphonesimulator macosx";
				SWIFT_EMIT_LOC_STRINGS = YES;
				SWIFT_VERSION = 5.0;
				TARGETED_DEVICE_FAMILY = "1,2";
			};
			name = Debug;
		};
		B18B435629B47E6400056D01 /* Release */ = {
			isa = XCBuildConfiguration;
			buildSettings = {
				ASSETCATALOG_COMPILER_APPICON_NAME = AppIcon;
				ASSETCATALOG_COMPILER_GLOBAL_ACCENT_COLOR_NAME = AccentColor;
				CODE_SIGN_ENTITLEMENTS = GPTCase/GPTCase.entitlements;
				CODE_SIGN_STYLE = Automatic;
				CURRENT_PROJECT_VERSION = 1;
				DEVELOPMENT_ASSET_PATHS = "\"GPTCase/Preview Content\"";
				DEVELOPMENT_TEAM = 23LBXQWLYP;
				ENABLE_HARDENED_RUNTIME = YES;
				ENABLE_PREVIEWS = YES;
				GENERATE_INFOPLIST_FILE = YES;
				INFOPLIST_FILE = GPTCase/Info.plist;
				"INFOPLIST_KEY_UIApplicationSceneManifest_Generation[sdk=iphoneos*]" = YES;
				"INFOPLIST_KEY_UIApplicationSceneManifest_Generation[sdk=iphonesimulator*]" = YES;
				"INFOPLIST_KEY_UIApplicationSupportsIndirectInputEvents[sdk=iphoneos*]" = YES;
				"INFOPLIST_KEY_UIApplicationSupportsIndirectInputEvents[sdk=iphonesimulator*]" = YES;
				"INFOPLIST_KEY_UILaunchScreen_Generation[sdk=iphoneos*]" = YES;
				"INFOPLIST_KEY_UILaunchScreen_Generation[sdk=iphonesimulator*]" = YES;
				"INFOPLIST_KEY_UIStatusBarStyle[sdk=iphoneos*]" = UIStatusBarStyleDefault;
				"INFOPLIST_KEY_UIStatusBarStyle[sdk=iphonesimulator*]" = UIStatusBarStyleDefault;
				INFOPLIST_KEY_UISupportedInterfaceOrientations_iPad = "UIInterfaceOrientationPortrait UIInterfaceOrientationPortraitUpsideDown UIInterfaceOrientationLandscapeLeft UIInterfaceOrientationLandscapeRight";
				INFOPLIST_KEY_UISupportedInterfaceOrientations_iPhone = "UIInterfaceOrientationPortrait UIInterfaceOrientationLandscapeLeft UIInterfaceOrientationLandscapeRight";
				IPHONEOS_DEPLOYMENT_TARGET = 16.2;
				LD_RUNPATH_SEARCH_PATHS = "@executable_path/Frameworks";
				"LD_RUNPATH_SEARCH_PATHS[sdk=macosx*]" = "@executable_path/../Frameworks";
				MACOSX_DEPLOYMENT_TARGET = 13.1;
				MARKETING_VERSION = 1.0;
				PRODUCT_BUNDLE_IDENTIFIER = com.maheshsai252.GPTCase;
				PRODUCT_NAME = "$(TARGET_NAME)";
				SDKROOT = auto;
				SUPPORTED_PLATFORMS = "iphoneos iphonesimulator macosx";
				SWIFT_EMIT_LOC_STRINGS = YES;
				SWIFT_VERSION = 5.0;
				TARGETED_DEVICE_FAMILY = "1,2";
			};
			name = Release;
		};
/* End XCBuildConfiguration section */

/* Begin XCConfigurationList section */
		B18B433B29B47E6300056D01 /* Build configuration list for PBXProject "GPTCase" */ = {
			isa = XCConfigurationList;
			buildConfigurations = (
				B18B435229B47E6400056D01 /* Debug */,
				B18B435329B47E6400056D01 /* Release */,
			);
			defaultConfigurationIsVisible = 0;
			defaultConfigurationName = Release;
		};
		B18B435429B47E6400056D01 /* Build configuration list for PBXNativeTarget "GPTCase" */ = {
			isa = XCConfigurationList;
			buildConfigurations = (
				B18B435529B47E6400056D01 /* Debug */,
				B18B435629B47E6400056D01 /* Release */,
			);
			defaultConfigurationIsVisible = 0;
			defaultConfigurationName = Release;
		};
/* End XCConfigurationList section */

/* Begin XCVersionGroup section */
		B18B434729B47E6300056D01 /* GPTCase.xcdatamodeld */ = {
			isa = XCVersionGroup;
			children = (
				B18B434829B47E6300056D01 /* GPTCase.xcdatamodel */,
			);
			currentVersion = B18B434829B47E6300056D01 /* GPTCase.xcdatamodel */;
			path = GPTCase.xcdatamodeld;
			sourceTree = "<group>";
			versionGroupType = wrapper.xcdatamodel;
		};
/* End XCVersionGroup section */
	};
	rootObject = B18B433829B47E6300056D01 /* Project object */;
}
